
Microsoft Visual Studio Solution File, Format Version 12.00
# Visual Studio Version 16
VisualStudioVersion = 16.0.30717.126
MinimumVisualStudioVersion = 10.0.40219.1
Project("{9A19103F-16F7-4668-BE54-9A1E7A4F7556}") = "EFCoreCrud", "EFCoreCrud\EFCoreCrud.csproj", "{435D5C91-501E-4090-BC95-3ABC1BA905B9}"
EndProject
Project("{FAE04EC0-301F-11D3-BF4B-00C04F79EFBC}") = "DataAccessLayer", "DataAccessLayer\DataAccessLayer.csproj", "{F0F79051-C32A-4587-B624-FABCA5C90997}"
EndProject
Project("{FAE04EC0-301F-11D3-BF4B-00C04F79EFBC}") = "Domain", "Domain\Domain.csproj", "{88236405-5392-4938-B50B-4CAADD262A61}"
EndProject
Global
	GlobalSection(SolutionConfigurationPlatforms) = preSolution
		Debug|Any CPU = Debug|Any CPU
		Release|Any CPU = Release|Any CPU
	EndGlobalSection
	GlobalSection(ProjectConfigurationPlatforms) = postSolution
		{435D5C91-501E-4090-BC95-3ABC1BA905B9}.Debug|Any CPU.ActiveCfg = Debug|Any CPU
		{435D5C91-501E-4090-BC95-3ABC1BA905B9}.Debug|Any CPU.Build.0 = Debug|Any CPU
		{435D5C91-501E-4090-BC95-3ABC1BA905B9}.Release|Any CPU.ActiveCfg = Release|Any CPU
		{435D5C91-501E-4090-BC95-3ABC1BA905B9}.Release|Any CPU.Build.0 = Release|Any CPU
		{F0F79051-C32A-4587-B624-FABCA5C90997}.Debug|Any CPU.ActiveCfg = Debug|Any CPU
		{F0F79051-C32A-4587-B624-FABCA5C90997}.Debug|Any CPU.Build.0 = Debug|Any CPU
		{F0F79051-C32A-4587-B624-FABCA5C90997}.Release|Any CPU.ActiveCfg = Release|Any CPU
		{F0F79051-C32A-4587-B624-FABCA5C90997}.Release|Any CPU.Build.0 = Release|Any CPU
		{88236405-5392-4938-B50B-4CAADD262A61}.Debug|Any CPU.ActiveCfg = Debug|Any CPU
		{88236405-5392-4938-B50B-4CAADD262A61}.Debug|Any CPU.Build.0 = Debug|Any CPU
		{88236405-5392-4938-B50B-4CAADD262A61}.Release|Any CPU.ActiveCfg = Release|Any CPU
		{88236405-5392-4938-B50B-4CAADD262A61}.Release|Any CPU.Build.0 = Release|Any CPU
	EndGlobalSection
	GlobalSection(SolutionProperties) = preSolution
		HideSolutionNode = FALSE
	EndGlobalSection
	GlobalSection(ExtensibilityGlobals) = postSolution
		SolutionGuid = {35A7E293-4FD8-4F71-8103-83B8202F2772}
	EndGlobalSection
EndGlobal
